
Microsoft Visual Studio Solution File, Format Version 12.00
# Visual Studio Version 17
VisualStudioVersion = 17.1.32328.378
MinimumVisualStudioVersion = 10.0.40219.1
Project("{9A19103F-16F7-4668-BE54-9A1E7A4F7556}") = "WFM_Trail_Api", "WFM_Trail_Api\WFM_Trail_Api.csproj", "{8C7AA81C-7F20-4281-A1F2-6326780440ED}"
EndProject
Global
	GlobalSection(SolutionConfigurationPlatforms) = preSolution
		Debug|Any CPU = Debug|Any CPU
		Release|Any CPU = Release|Any CPU
	EndGlobalSection
	GlobalSection(ProjectConfigurationPlatforms) = postSolution
		{8C7AA81C-7F20-4281-A1F2-6326780440ED}.Debug|Any CPU.ActiveCfg = Debug|Any CPU
		{8C7AA81C-7F20-4281-A1F2-6326780440ED}.Debug|Any CPU.Build.0 = Debug|Any CPU
		{8C7AA81C-7F20-4281-A1F2-6326780440ED}.Release|Any CPU.ActiveCfg = Release|Any CPU
		{8C7AA81C-7F20-4281-A1F2-6326780440ED}.Release|Any CPU.Build.0 = Release|Any CPU
	EndGlobalSection
	GlobalSection(SolutionProperties) = preSolution
		HideSolutionNode = FALSE
	EndGlobalSection
	GlobalSection(ExtensibilityGlobals) = postSolution
		SolutionGuid = {00D5C488-E953-420C-B9E6-849A73CBB865}
	EndGlobalSection
EndGlobal
